
Microsoft Visual Studio Solution File, Format Version 12.00
# Visual Studio Version 17
VisualStudioVersion = 17.5.002.0
MinimumVisualStudioVersion = 10.0.40219.1
Project("{9A19103F-16F7-4668-BE54-9A1E7A4F7556}") = "EFGetStarted", "EFGetStarted\EFGetStarted.csproj", "{96B4B652-3888-4521-B7F3-3743C4A182F6}"
EndProject
Project("{FAE04EC0-301F-11D3-BF4B-00C04F79EFBC}") = "GetStartedWinform", "GetStartedWinform\GetStartedWinform.csproj", "{376AA486-41E4-462C-B43B-C6873F5A49F7}"
EndProject
Global
	GlobalSection(SolutionConfigurationPlatforms) = preSolution
		Debug|Any CPU = Debug|Any CPU
		Release|Any CPU = Release|Any CPU
	EndGlobalSection
	GlobalSection(ProjectConfigurationPlatforms) = postSolution
		{96B4B652-3888-4521-B7F3-3743C4A182F6}.Debug|Any CPU.ActiveCfg = Debug|Any CPU
		{96B4B652-3888-4521-B7F3-3743C4A182F6}.Debug|Any CPU.Build.0 = Debug|Any CPU
		{96B4B652-3888-4521-B7F3-3743C4A182F6}.Release|Any CPU.ActiveCfg = Release|Any CPU
		{96B4B652-3888-4521-B7F3-3743C4A182F6}.Release|Any CPU.Build.0 = Release|Any CPU
		{376AA486-41E4-462C-B43B-C6873F5A49F7}.Debug|Any CPU.ActiveCfg = Debug|Any CPU
		{376AA486-41E4-462C-B43B-C6873F5A49F7}.Debug|Any CPU.Build.0 = Debug|Any CPU
		{376AA486-41E4-462C-B43B-C6873F5A49F7}.Release|Any CPU.ActiveCfg = Release|Any CPU
		{376AA486-41E4-462C-B43B-C6873F5A49F7}.Release|Any CPU.Build.0 = Release|Any CPU
	EndGlobalSection
	GlobalSection(SolutionProperties) = preSolution
		HideSolutionNode = FALSE
	EndGlobalSection
	GlobalSection(ExtensibilityGlobals) = postSolution
		SolutionGuid = {DE6FB66C-F076-4B69-98FB-1014536B1A43}
	EndGlobalSection
EndGlobal
